Microsoft Visual Studio Solution File, Format Version 12.00
# Visual Studio Version 17
VisualStudioVersion = 17.10.0.0
MinimumVisualStudioVersion = 10.0.40219.1
Project("{2150E333-8FDC-42A3-9474-1A3956D46DE8}") = "src", "src", "{1FBC1000-0001-4001-8001-000000000001}"
EndProject
Project("{2150E333-8FDC-42A3-9474-1A3956D46DE8}") = "tests", "tests", "{1FBC1000-0001-4001-8001-000000000002}"
EndProject
Project("{2150E333-8FDC-42A3-9474-1A3956D46DE8}") = "docker", "docker", "{1FBC1000-0001-4001-8001-000000000003}"
EndProject
Project("{2150E333-8FDC-42A3-9474-1A3956D46DE8}") = "docs", "docs", "{1FBC1000-0001-4001-8001-000000000004}"
EndProject
Project("{FAE04EC0-301F-11D3-BF4B-00C04F79EFBC}") = "PersonalCrm.App", "src\PersonalCrm.App\PersonalCrm.App.csproj", "{A0000000-0000-0000-0000-000000000001}"
EndProject
Project("{FAE04EC0-301F-11D3-BF4B-00C04F79EFBC}") = "PersonalCrm.Core", "src\PersonalCrm.Core\PersonalCrm.Core.csproj", "{A0000000-0000-0000-0000-000000000002}"
EndProject
Project("{FAE04EC0-301F-11D3-BF4B-00C04F79EFBC}") = "PersonalCrm.Infrastructure", "src\PersonalCrm.Infrastructure\PersonalCrm.Infrastructure.csproj", "{A0000000-0000-0000-0000-000000000003}"
EndProject
Project("{FAE04EC0-301F-11D3-BF4B-00C04F79EFBC}") = "PersonalCrm.Contracts", "src\PersonalCrm.Contracts\PersonalCrm.Contracts.csproj", "{A0000000-0000-0000-0000-000000000004}"
EndProject
Project("{FAE04EC0-301F-11D3-BF4B-00C04F79EFBC}") = "PersonalCrm.Migrations", "src\PersonalCrm.Migrations\PersonalCrm.Migrations.csproj", "{A0000000-0000-0000-0000-000000000005}"
EndProject
Project("{FAE04EC0-301F-11D3-BF4B-00C04F79EFBC}") = "PersonalCrm.Tests.Unit", "tests\PersonalCrm.Tests.Unit\PersonalCrm.Tests.Unit.csproj", "{B0000000-0000-0000-0000-000000000001}"
EndProject
Project("{FAE04EC0-301F-11D3-BF4B-00C04F79EFBC}") = "PersonalCrm.Tests.Integration", "tests\PersonalCrm.Tests.Integration\PersonalCrm.Tests.Integration.csproj", "{B0000000-0000-0000-0000-000000000002}"
EndProject
Global
	GlobalSection(SolutionConfigurationPlatforms) = preSolution
		Debug|Any CPU = Debug|Any CPU
		Release|Any CPU = Release|Any CPU
	EndGlobalSection
	GlobalSection(ProjectConfigurationPlatforms) = postSolution
		{A0000000-0000-0000-0000-000000000001}.Debug|Any CPU.ActiveCfg = Debug|Any CPU
		{A0000000-0000-0000-0000-000000000001}.Debug|Any CPU.Build.0 = Debug|Any CPU
		{A0000000-0000-0000-0000-000000000001}.Release|Any CPU.ActiveCfg = Release|Any CPU
		{A0000000-0000-0000-0000-000000000001}.Release|Any CPU.Build.0 = Release|Any CPU
		{A0000000-0000-0000-0000-000000000002}.Debug|Any CPU.ActiveCfg = Debug|Any CPU
		{A0000000-0000-0000-0000-000000000002}.Debug|Any CPU.Build.0 = Debug|Any CPU
		{A0000000-0000-0000-0000-000000000002}.Release|Any CPU.ActiveCfg = Release|Any CPU
		{A0000000-0000-0000-0000-000000000002}.Release|Any CPU.Build.0 = Release|Any CPU
		{A0000000-0000-0000-0000-000000000003}.Debug|Any CPU.ActiveCfg = Debug|Any CPU
		{A0000000-0000-0000-0000-000000000003}.Debug|Any CPU.Build.0 = Debug|Any CPU
		{A0000000-0000-0000-0000-000000000003}.Release|Any CPU.ActiveCfg = Release|Any CPU
		{A0000000-0000-0000-0000-000000000003}.Release|Any CPU.Build.0 = Release|Any CPU
		{A0000000-0000-0000-0000-000000000004}.Debug|Any CPU.ActiveCfg = Debug|Any CPU
		{A0000000-0000-0000-0000-000000000004}.Debug|Any CPU.Build.0 = Debug|Any CPU
		{A0000000-0000-0000-0000-000000000004}.Release|Any CPU.ActiveCfg = Release|Any CPU
		{A0000000-0000-0000-0000-000000000004}.Release|Any CPU.Build.0 = Release|Any CPU
		{A0000000-0000-0000-0000-000000000005}.Debug|Any CPU.ActiveCfg = Debug|Any CPU
		{A0000000-0000-0000-0000-000000000005}.Debug|Any CPU.Build.0 = Debug|Any CPU
		{A0000000-0000-0000-0000-000000000005}.Release|Any CPU.ActiveCfg = Release|Any CPU
		{A0000000-0000-0000-0000-000000000005}.Release|Any CPU.Build.0 = Release|Any CPU
		{B0000000-0000-0000-0000-000000000001}.Debug|Any CPU.ActiveCfg = Debug|Any CPU
		{B0000000-0000-0000-0000-000000000001}.Debug|Any CPU.Build.0 = Debug|Any CPU
		{B0000000-0000-0000-0000-000000000001}.Release|Any CPU.ActiveCfg = Release|Any CPU
		{B0000000-0000-0000-0000-000000000001}.Release|Any CPU.Build.0 = Release|Any CPU
		{B0000000-0000-0000-0000-000000000002}.Debug|Any CPU.ActiveCfg = Debug|Any CPU
		{B0000000-0000-0000-0000-000000000002}.Debug|Any CPU.Build.0 = Debug|Any CPU
		{B0000000-0000-0000-0000-000000000002}.Release|Any CPU.ActiveCfg = Release|Any CPU
		{B0000000-0000-0000-0000-000000000002}.Release|Any CPU.Build.0 = Release|Any CPU
	EndGlobalSection
	GlobalSection(NestedProjects) = preSolution
		{A0000000-0000-0000-0000-000000000001} = {1FBC1000-0001-4001-8001-000000000001}
		{A0000000-0000-0000-0000-000000000002} = {1FBC1000-0001-4001-8001-000000000001}
		{A0000000-0000-0000-0000-000000000003} = {1FBC1000-0001-4001-8001-000000000001}
		{A0000000-0000-0000-0000-000000000004} = {1FBC1000-0001-4001-8001-000000000001}
		{A0000000-0000-0000-0000-000000000005} = {1FBC1000-0001-4001-8001-000000000001}
		{B0000000-0000-0000-0000-000000000001} = {1FBC1000-0001-4001-8001-000000000002}
		{B0000000-0000-0000-0000-000000000002} = {1FBC1000-0001-4001-8001-000000000001}
	EndGlobalSection
EndGlobal
